
Microsoft Visual Studio Solution File, Format Version 12.00
# Visual Studio Version 17
VisualStudioVersion = 17.3.32825.248
MinimumVisualStudioVersion = 10.0.40219.1
Project("{FAE04EC0-301F-11D3-BF4B-00C04F79EFBC}") = "NeatBurguerU2", "NeatBurguerU2\NeatBurguerU2.csproj", "{EEA49FDC-C228-4B51-9D9C-D01EF652913B}"
EndProject
Global
	GlobalSection(SolutionConfigurationPlatforms) = preSolution
		Debug|Any CPU = Debug|Any CPU
		Release|Any CPU = Release|Any CPU
	EndGlobalSection
	GlobalSection(ProjectConfigurationPlatforms) = postSolution
		{EEA49FDC-C228-4B51-9D9C-D01EF652913B}.Debug|Any CPU.ActiveCfg = Debug|Any CPU
		{EEA49FDC-C228-4B51-9D9C-D01EF652913B}.Debug|Any CPU.Build.0 = Debug|Any CPU
		{EEA49FDC-C228-4B51-9D9C-D01EF652913B}.Release|Any CPU.ActiveCfg = Release|Any CPU
		{EEA49FDC-C228-4B51-9D9C-D01EF652913B}.Release|Any CPU.Build.0 = Release|Any CPU
	EndGlobalSection
	GlobalSection(SolutionProperties) = preSolution
		HideSolutionNode = FALSE
	EndGlobalSection
	GlobalSection(ExtensibilityGlobals) = postSolution
		SolutionGuid = {C52EB3AF-4829-49CC-8A30-B0D9A7466A5F}
	EndGlobalSection
EndGlobal
